
Microsoft Visual Studio Solution File, Format Version 12.00
# Visual Studio Version 16
VisualStudioVersion = 16.0.30907.101
MinimumVisualStudioVersion = 10.0.40219.1
Project("{FAE04EC0-301F-11D3-BF4B-00C04F79EFBC}") = "Suma", "Suma\Suma.csproj", "{1BE322F7-CC0B-4484-8308-FFE0942925C0}"
EndProject
Global
	GlobalSection(SolutionConfigurationPlatforms) = preSolution
		Debug|Any CPU = Debug|Any CPU
		Release|Any CPU = Release|Any CPU
	EndGlobalSection
	GlobalSection(ProjectConfigurationPlatforms) = postSolution
		{1BE322F7-CC0B-4484-8308-FFE0942925C0}.Debug|Any CPU.ActiveCfg = Debug|Any CPU
		{1BE322F7-CC0B-4484-8308-FFE0942925C0}.Debug|Any CPU.Build.0 = Debug|Any CPU
		{1BE322F7-CC0B-4484-8308-FFE0942925C0}.Release|Any CPU.ActiveCfg = Release|Any CPU
		{1BE322F7-CC0B-4484-8308-FFE0942925C0}.Release|Any CPU.Build.0 = Release|Any CPU
	EndGlobalSection
	GlobalSection(SolutionProperties) = preSolution
		HideSolutionNode = FALSE
	EndGlobalSection
	GlobalSection(ExtensibilityGlobals) = postSolution
		SolutionGuid = {A6B43B93-B8DC-4F15-8C9D-F06344E3441E}
	EndGlobalSection
EndGlobal
