
Microsoft Visual Studio Solution File, Format Version 12.00
# Visual Studio Version 16
VisualStudioVersion = 16.0.30907.101
MinimumVisualStudioVersion = 10.0.40219.1
Project("{FAE04EC0-301F-11D3-BF4B-00C04F79EFBC}") = "ClienteSuma", "ClienteSuma\ClienteSuma.csproj", "{2483F6CC-9C59-42B9-8FFC-6F084ED77166}"
EndProject
Global
	GlobalSection(SolutionConfigurationPlatforms) = preSolution
		Debug|Any CPU = Debug|Any CPU
		Release|Any CPU = Release|Any CPU
	EndGlobalSection
	GlobalSection(ProjectConfigurationPlatforms) = postSolution
		{2483F6CC-9C59-42B9-8FFC-6F084ED77166}.Debug|Any CPU.ActiveCfg = Debug|Any CPU
		{2483F6CC-9C59-42B9-8FFC-6F084ED77166}.Debug|Any CPU.Build.0 = Debug|Any CPU
		{2483F6CC-9C59-42B9-8FFC-6F084ED77166}.Release|Any CPU.ActiveCfg = Release|Any CPU
		{2483F6CC-9C59-42B9-8FFC-6F084ED77166}.Release|Any CPU.Build.0 = Release|Any CPU
	EndGlobalSection
	GlobalSection(SolutionProperties) = preSolution
		HideSolutionNode = FALSE
	EndGlobalSection
	GlobalSection(ExtensibilityGlobals) = postSolution
		SolutionGuid = {920C0087-6BE4-410E-AE90-286CC2AA9649}
	EndGlobalSection
EndGlobal
